{
    "_meta": {
        "hash": {
            "sha256": "e25a90f1a47957c189af389df890273b6d63a7d5295d84ed71d94704cf61ab2c"
        },
        "pipfile-spec": 6,
        "requires": {
            "python_version": "3.5.3"
        },
        "sources": [
            {
                "name": "pypi",
                "url": "https://www.piwheels.org/simple",
                "verify_ssl": true
            }
        ]
    },
    "default": {
        "certifi": {
            "hashes": [
                "sha256:993f830721089fef441cdfeb4b2c8c9df86f0c63239f06bd025a76a7daddb033"
            ],
            "version": "==2018.11.29"
        },
        "chardet": {
            "hashes": [
                "sha256:fc323ffcaeaed0e0a02bf4d117757b98aed530d9ed4531e3e15460124c106691"
            ],
            "version": "==3.0.4"
        },
        "confapp": {
            "hashes": [
                "sha256:1c999d2619c3856e51c3eea252ae8b50207fc765769fbb3cbff3c3fc1cd4110c"
            ],
            "version": "==1.0.1"
        },
        "dill": {
            "hashes": [
                "sha256:6ad5ae56d2a1067258a44343efbc0fbb5fb7e0cfefa2152f01f6b34cdfe98fc6"
            ],
            "version": "==0.2.9"
        },
        "django": {
            "hashes": [
                "sha256:a32c22af23634e1d11425574dce756098e015a165be02e4690179889b207c7a8"
            ],
            "version": "==2.1.5"
        },
        "django-jfu-pyforms": {
            "hashes": [
                "sha256:97c3c20762fa7697954364edd60e48f5675c9a15984dc16d6e23ff056192c1e2"
            ],
            "version": "==2.0.9.1"
        },
        "evdev": {
            "hashes": [
                "sha256:8ec10b7f15b2a45403111ebeed8822d174c9c5dce1a136ca7a31f5bdd74599e1"
            ],
            "index": "pypi",
            "version": "==1.1.2"
        },
        "filelock": {
            "hashes": [
                "sha256:b8d5ca5ca1c815e1574aee746650ea7301de63d87935b3463d26368b76e31633"
            ],
            "version": "==3.0.10"
        },
        "idna": {
            "hashes": [
                "sha256:ea8b7f6188e6fa117537c3df7da9fc686d485087abf6ac197f9c46432f7e4a3c"
            ],
            "version": "==2.8"
        },
        "influxdb": {
            "hashes": [
                "sha256:661d6b8878bec20fb1a20ae794e1b35875b3ebf5f1ba7eaa6cb5a9901a9fdc7f"
            ],
            "index": "pypi",
            "version": "==5.2.1"
        },
        "numpy": {
            "hashes": [
                "sha256:35394d2a3d2fb1e72218ac7ceb394a6a07cc428bb1b8f3303bd177e170e30401",
                "sha256:4f48a412c7a75a127eb26ae15f6206895134f3b0ff75069b51e8c54a47a96794"
            ],
            "version": "==1.16.0"
        },
        "opencv-python": {
            "hashes": [
                "sha256:1b06420f62b22092b21ef1217a987a101d45d8e323fcce9da4c2cbd679b60e18",
                "sha256:329d9d9fdd62b93d44a485aeaab4602c6f5b8555ea8bcc7dbcdc62c90cfe2c3f",
                "sha256:33b8462f586b36f2a067d73fc4bb495ae1effef13141a12f7f3a60172e409b90",
                "sha256:3a32f926e1b319f5813ef8574b7dd3ac427768786ef0efc4a5256eb1a9b8bbe5"
            ],
            "version": "==3.4.4.19"
        },
        "orquestra": {
            "hashes": [
                "sha256:c8e7f55b275c159caaef6e43ab41c12dfe06c26dd9e2716d9f581241870b9bee"
            ],
            "version": "==1.1"
        },
        "pillow": {
            "hashes": [
                "sha256:6b8dca92c1d8f361e7e09b93125f0da080c94f44187ea0f8f7f87fbe88247bf6",
                "sha256:ed4e05737ed076aed4065e05b67983650b10110f3e133444e8e87bd572e1492a"
            ],
            "version": "==5.4.1"
        },
        "pyforms-web": {
            "hashes": [
                "sha256:4815d31e8d14789d8bd9d86a7d4a7aaaaaea13fd05042fa28a17297914fe62de"
            ],
            "index": "pypi",
            "version": "==4.0.7"
        },
        "python-dateutil": {
            "hashes": [
                "sha256:063df5763652e21de43de7d9e00ccf239f953a832941e37be541614732cdfc93"
            ],
            "version": "==2.7.5"
        },
        "pytz": {
            "hashes": [
                "sha256:32b0891edff07e28efe91284ed9c31e123d84bea3fd98e1f72be2508f43ef8d9"
            ],
            "version": "==2018.9"
        },
        "requests": {
            "hashes": [
                "sha256:7bf2a778576d825600030a110f3c0e3e8edc51dfaafe1c146e39a2027784957b"
            ],
            "version": "==2.21.0"
        },
        "schedule": {
            "hashes": [
                "sha256:3f895a1036799a25ab9c335de917073e63cf8256920917e932777382f101f08f"
            ],
            "index": "pypi",
            "version": "==0.6.0"
        },
        "simplejson": {
            "hashes": [
                "sha256:22f039c2f22afbb4df7c9201e88547287cb720606292ffd6d985112899c9ee17",
                "sha256:f5432702f0b7e70802e7d55dc6b5c4d68aa4fa2385913a1043e171d449b245e6"
            ],
            "version": "==3.16.1"
        },
        "six": {
            "hashes": [
                "sha256:3350809f0555b11f552448330d0b52d5f24c91a322ea4a15ef22629740f3761c"
            ],
            "version": "==1.12.0"
        },
        "sorl-thumbnail": {
            "hashes": [
                "sha256:d9e3f018d19293824803e4ffead96b19dfcd44fa7987cea392f50436817bef34"
            ],
            "version": "==12.5.0"
        },
        "urllib3": {
            "hashes": [
                "sha256:61bf29cada3fc2fbefad4fdf059ea4bd1b4a86d2b6d15e1c7c0b582b9752fe39"
            ],
            "version": "==1.24.1"
        }
    },
    "develop": {}
}
