{
    "_meta": {
        "hash": {
            "sha256": "ffece8a2229ee9c710750fea05b49a3d48b5245455cc20a9cbb75de1e80303a4"
        },
        "pipfile-spec": 6,
        "requires": {
            "python_version": "3.5.3"
        },
        "sources": [
            {
                "name": "pypi",
                "url": "https://www.piwheels.org/simple",
                "verify_ssl": true
            }
        ]
    },
    "default": {
        "evdev": {
            "hashes": [
                "sha256:8ec10b7f15b2a45403111ebeed8822d174c9c5dce1a136ca7a31f5bdd74599e1"
            ],
            "index": "pypi",
            "version": "==1.1.2"
        }
    },
    "develop": {}
}
