{
    "_meta": {
        "hash": {
            "sha256": "6a39ba23e9ec975e3998d74286e1f164e1ea5b464166268822c0aaf89f10c4e1"
        },
        "pipfile-spec": 6,
        "requires": {
            "python_version": "3.6"
        },
        "sources": [
            {
                "name": "pypi",
                "url": "https://www.piwheels.org/simple",
                "verify_ssl": true
            }
        ]
    },
    "default": {
        "colorama": {
            "hashes": [
                "sha256:f8ac84de7840f5b9c4e3347b3c1eaa50f7e49c2b07596221daec5edaabbd7c48"
            ],
            "index": "pypi",
            "version": "==0.4.1"
        },
        "crc16": {
            "hashes": [
                "sha256:631d77fb7363d5969a532c9727e0ef682d79e2974169d57e1174d98599e01e74",
                "sha256:a390404044c0407e79829dff34485db7f2882a523af6e3e30682b9f30676d9e3",
                "sha256:beb37a1e0c681184f5a2f02acf5cc16174a8d974b9d4b0cd4664ed8150b0b895"
            ],
            "index": "pypi",
            "version": "==0.1.1"
        },
        "django": {
            "hashes": [
                "sha256:275bec66fd2588dd517ada59b8bfb23d4a9abc5a362349139ddda3c7ff6f5ade"
            ],
            "index": "pypi",
            "version": "==2.1.7"
        },
        "et-xmlfile": {
            "hashes": [
                "sha256:3f5fe09a295a4be6095e22eefbc5178499e5c7fc4043f5872c4849b9ffc7a37e"
            ],
            "version": "==1.0.1"
        },
        "gunicorn": {
            "hashes": [
                "sha256:aa8e0b40b4157b36a5df5e599f45c9c76d6af43845ba3b3b0efe2c70473c2471"
            ],
            "index": "pypi",
            "version": "==19.9.0"
        },
        "jdcal": {
            "hashes": [
                "sha256:1abf1305fce18b4e8aa248cf8fe0c56ce2032392bc64bbd61b5dff2a19ec8bba"
            ],
            "version": "==1.4.1"
        },
        "openpyxl": {
            "hashes": [
                "sha256:4df26420b1675865d973d7819a02dc261a5ce56094bdb45114fcb8390756fa4c"
            ],
            "index": "pypi",
            "version": "==2.5.14"
        },
        "psycopg2-binary": {
            "hashes": [
                "sha256:82fd50981a0166d767aa1bd04966b8bf0c164a3463bb1a286985f24adaa3d745",
                "sha256:98126fc0e9c864e441560463f68d542c387b3461b270e731e282405601d1ac5c",
                "sha256:f153fbfcdd760a6182f561d33a2143561bc6111dc8297fdc3316d2b01ed23d2e"
            ],
            "index": "pypi",
            "version": "==2.8.4"
        },
        "pytz": {
            "hashes": [
                "sha256:1c557d7d0e871de1f5ccd5833f60fb2550652da6be2693c1e02300743d21500d"
            ],
            "version": "==2019.3"
        },
        "pyusb": {
            "hashes": [
                "sha256:789749b8a9bf3828c55d41df2c3e569739cd1bdbe1517e8d940af9587a711faa"
            ],
            "index": "pypi",
            "version": "==1.0.2"
        },
        "six": {
            "hashes": [
                "sha256:8f3cd2e254d8f793e7f3d6d9df77b92252b52637291d0f0da013c76ea2724b6c"
            ],
            "version": "==1.14.0"
        },
        "structlog": {
            "hashes": [
                "sha256:db441b81c65b0f104a7ce5d86c5432be099956b98b8a2c8be0b3fb3a7a0b1536"
            ],
            "index": "pypi",
            "version": "==19.1.0"
        }
    },
    "develop": {}
}
